
Microsoft Visual Studio Solution File, Format Version 12.00
# Visual Studio Version 16
VisualStudioVersion = 16.0.30309.148
MinimumVisualStudioVersion = 10.0.40219.1
Project("{2150E333-8FDC-42A3-9474-1A3956D46DE8}") = "src", "src", "{875CC7B8-09EE-4831-8493-978E9D92491D}"
EndProject
Project("{2150E333-8FDC-42A3-9474-1A3956D46DE8}") = "1.Presentation", "1.Presentation", "{9CD0B245-F155-468F-8341-8D47D8E2939B}"
EndProject
Project("{2150E333-8FDC-42A3-9474-1A3956D46DE8}") = "2.Services", "2.Services", "{5D751307-2CD1-4D27-82C8-243AC2A0DF4F}"
EndProject
Project("{2150E333-8FDC-42A3-9474-1A3956D46DE8}") = "3.BuildingBlocks", "3.BuildingBlocks", "{F0B40E11-39F9-4002-98BE-3BDCD6C5513D}"
EndProject
Project("{2150E333-8FDC-42A3-9474-1A3956D46DE8}") = "Web", "Web", "{D537FED9-139C-4A1D-A758-5AD9A7CEC21B}"
EndProject
Project("{2150E333-8FDC-42A3-9474-1A3956D46DE8}") = "Auth", "Auth", "{6A78F019-A58E-44C0-B962-0864C62CDF3D}"
EndProject
Project("{2150E333-8FDC-42A3-9474-1A3956D46DE8}") = "Client", "Client", "{A76812C6-86A0-42CE-8D04-E419D5576327}"
EndProject
Project("{2150E333-8FDC-42A3-9474-1A3956D46DE8}") = "Catalog", "Catalog", "{50444C25-0E0E-4AE1-98D5-8E45261690BC}"
EndProject
Project("{2150E333-8FDC-42A3-9474-1A3956D46DE8}") = "Order", "Order", "{6D7814B0-2A73-456A-90A5-1EC7A6EACB11}"
EndProject
Project("{2150E333-8FDC-42A3-9474-1A3956D46DE8}") = "Payment", "Payment", "{1E71FE68-04B6-48E5-BE55-A059B920A965}"
EndProject
Project("{2150E333-8FDC-42A3-9474-1A3956D46DE8}") = "ShoppingCart", "ShoppingCart", "{A04E4DF7-AB6B-4959-85BD-7EAF5E3ED048}"
EndProject
Project("{2150E333-8FDC-42A3-9474-1A3956D46DE8}") = "Core", "Core", "{6CBBFF08-5822-42A6-9350-1BE608DEB7F5}"
EndProject
Project("{2150E333-8FDC-42A3-9474-1A3956D46DE8}") = "MVC", "MVC", "{1CCE3905-A150-4E9A-B620-D33A72DDA5E6}"
EndProject
Project("{9A19103F-16F7-4668-BE54-9A1E7A4F7556}") = "ESE.Core", "src\Buliding Blocks\Core\ESE.Core\ESE.Core.csproj", "{0D3098D3-3C00-48B2-9292-5F5274476066}"
EndProject
Project("{9A19103F-16F7-4668-BE54-9A1E7A4F7556}") = "ESE.Store.MVC", "src\Presentation\Web\MVC\ESE.Store.MVC\ESE.Store.MVC.csproj", "{D5876E95-A9B7-4E5A-8497-BF1418C7DC64}"
EndProject
Project("{9A19103F-16F7-4668-BE54-9A1E7A4F7556}") = "ESE.Auth.API", "src\Services\Auth\ESE.Auth.API\ESE.Auth.API.csproj", "{55B427EC-D408-43B7-9B9F-D8329EFDE378}"
EndProject
Project("{9A19103F-16F7-4668-BE54-9A1E7A4F7556}") = "ESE.Catalog.API", "src\Services\Catalog\ESE.Catalog.API\ESE.Catalog.API.csproj", "{AC9AD6E1-03CC-4F8B-8874-BB2BE03EFAD6}"
EndProject
Project("{9A19103F-16F7-4668-BE54-9A1E7A4F7556}") = "ESE.Client.API", "src\Services\Client\ESE.Client.API\ESE.Client.API.csproj", "{6EB87CEA-943B-404C-8029-D7978373F39B}"
EndProject
Project("{9A19103F-16F7-4668-BE54-9A1E7A4F7556}") = "ESE.Order.API", "src\Services\Order\ESE.Order.API\ESE.Order.API.csproj", "{ECB3CC63-C46C-4EC8-9DD7-E40BC5CCF192}"
EndProject
Project("{9A19103F-16F7-4668-BE54-9A1E7A4F7556}") = "ESE.Payment.API", "src\Services\Payment\ESE.Payment.API\ESE.Payment.API.csproj", "{C22385D8-D2D5-420E-9C6A-13FC807EE170}"
EndProject
Project("{9A19103F-16F7-4668-BE54-9A1E7A4F7556}") = "ESE.ShoppingCart.API", "src\Services\ShoppingCart\ESE.ShoppingCart.API\ESE.ShoppingCart.API.csproj", "{40FAACBE-39CA-4833-8C9C-9C496176D600}"
EndProject
Global
	GlobalSection(SolutionConfigurationPlatforms) = preSolution
		Debug|Any CPU = Debug|Any CPU
		Release|Any CPU = Release|Any CPU
	EndGlobalSection
	GlobalSection(ProjectConfigurationPlatforms) = postSolution
		{0D3098D3-3C00-48B2-9292-5F5274476066}.Debug|Any CPU.ActiveCfg = Debug|Any CPU
		{0D3098D3-3C00-48B2-9292-5F5274476066}.Debug|Any CPU.Build.0 = Debug|Any CPU
		{0D3098D3-3C00-48B2-9292-5F5274476066}.Release|Any CPU.ActiveCfg = Release|Any CPU
		{0D3098D3-3C00-48B2-9292-5F5274476066}.Release|Any CPU.Build.0 = Release|Any CPU
		{D5876E95-A9B7-4E5A-8497-BF1418C7DC64}.Debug|Any CPU.ActiveCfg = Debug|Any CPU
		{D5876E95-A9B7-4E5A-8497-BF1418C7DC64}.Debug|Any CPU.Build.0 = Debug|Any CPU
		{D5876E95-A9B7-4E5A-8497-BF1418C7DC64}.Release|Any CPU.ActiveCfg = Release|Any CPU
		{D5876E95-A9B7-4E5A-8497-BF1418C7DC64}.Release|Any CPU.Build.0 = Release|Any CPU
		{55B427EC-D408-43B7-9B9F-D8329EFDE378}.Debug|Any CPU.ActiveCfg = Debug|Any CPU
		{55B427EC-D408-43B7-9B9F-D8329EFDE378}.Debug|Any CPU.Build.0 = Debug|Any CPU
		{55B427EC-D408-43B7-9B9F-D8329EFDE378}.Release|Any CPU.ActiveCfg = Release|Any CPU
		{55B427EC-D408-43B7-9B9F-D8329EFDE378}.Release|Any CPU.Build.0 = Release|Any CPU
		{AC9AD6E1-03CC-4F8B-8874-BB2BE03EFAD6}.Debug|Any CPU.ActiveCfg = Debug|Any CPU
		{AC9AD6E1-03CC-4F8B-8874-BB2BE03EFAD6}.Debug|Any CPU.Build.0 = Debug|Any CPU
		{AC9AD6E1-03CC-4F8B-8874-BB2BE03EFAD6}.Release|Any CPU.ActiveCfg = Release|Any CPU
		{AC9AD6E1-03CC-4F8B-8874-BB2BE03EFAD6}.Release|Any CPU.Build.0 = Release|Any CPU
		{6EB87CEA-943B-404C-8029-D7978373F39B}.Debug|Any CPU.ActiveCfg = Debug|Any CPU
		{6EB87CEA-943B-404C-8029-D7978373F39B}.Debug|Any CPU.Build.0 = Debug|Any CPU
		{6EB87CEA-943B-404C-8029-D7978373F39B}.Release|Any CPU.ActiveCfg = Release|Any CPU
		{6EB87CEA-943B-404C-8029-D7978373F39B}.Release|Any CPU.Build.0 = Release|Any CPU
		{ECB3CC63-C46C-4EC8-9DD7-E40BC5CCF192}.Debug|Any CPU.ActiveCfg = Debug|Any CPU
		{ECB3CC63-C46C-4EC8-9DD7-E40BC5CCF192}.Debug|Any CPU.Build.0 = Debug|Any CPU
		{ECB3CC63-C46C-4EC8-9DD7-E40BC5CCF192}.Release|Any CPU.ActiveCfg = Release|Any CPU
		{ECB3CC63-C46C-4EC8-9DD7-E40BC5CCF192}.Release|Any CPU.Build.0 = Release|Any CPU
		{C22385D8-D2D5-420E-9C6A-13FC807EE170}.Debug|Any CPU.ActiveCfg = Debug|Any CPU
		{C22385D8-D2D5-420E-9C6A-13FC807EE170}.Debug|Any CPU.Build.0 = Debug|Any CPU
		{C22385D8-D2D5-420E-9C6A-13FC807EE170}.Release|Any CPU.ActiveCfg = Release|Any CPU
		{C22385D8-D2D5-420E-9C6A-13FC807EE170}.Release|Any CPU.Build.0 = Release|Any CPU
		{40FAACBE-39CA-4833-8C9C-9C496176D600}.Debug|Any CPU.ActiveCfg = Debug|Any CPU
		{40FAACBE-39CA-4833-8C9C-9C496176D600}.Debug|Any CPU.Build.0 = Debug|Any CPU
		{40FAACBE-39CA-4833-8C9C-9C496176D600}.Release|Any CPU.ActiveCfg = Release|Any CPU
		{40FAACBE-39CA-4833-8C9C-9C496176D600}.Release|Any CPU.Build.0 = Release|Any CPU
	EndGlobalSection
	GlobalSection(SolutionProperties) = preSolution
		HideSolutionNode = FALSE
	EndGlobalSection
	GlobalSection(NestedProjects) = preSolution
		{9CD0B245-F155-468F-8341-8D47D8E2939B} = {875CC7B8-09EE-4831-8493-978E9D92491D}
		{5D751307-2CD1-4D27-82C8-243AC2A0DF4F} = {875CC7B8-09EE-4831-8493-978E9D92491D}
		{F0B40E11-39F9-4002-98BE-3BDCD6C5513D} = {875CC7B8-09EE-4831-8493-978E9D92491D}
		{D537FED9-139C-4A1D-A758-5AD9A7CEC21B} = {9CD0B245-F155-468F-8341-8D47D8E2939B}
		{6A78F019-A58E-44C0-B962-0864C62CDF3D} = {5D751307-2CD1-4D27-82C8-243AC2A0DF4F}
		{A76812C6-86A0-42CE-8D04-E419D5576327} = {5D751307-2CD1-4D27-82C8-243AC2A0DF4F}
		{50444C25-0E0E-4AE1-98D5-8E45261690BC} = {5D751307-2CD1-4D27-82C8-243AC2A0DF4F}
		{6D7814B0-2A73-456A-90A5-1EC7A6EACB11} = {5D751307-2CD1-4D27-82C8-243AC2A0DF4F}
		{1E71FE68-04B6-48E5-BE55-A059B920A965} = {5D751307-2CD1-4D27-82C8-243AC2A0DF4F}
		{A04E4DF7-AB6B-4959-85BD-7EAF5E3ED048} = {5D751307-2CD1-4D27-82C8-243AC2A0DF4F}
		{6CBBFF08-5822-42A6-9350-1BE608DEB7F5} = {F0B40E11-39F9-4002-98BE-3BDCD6C5513D}
		{1CCE3905-A150-4E9A-B620-D33A72DDA5E6} = {D537FED9-139C-4A1D-A758-5AD9A7CEC21B}
		{0D3098D3-3C00-48B2-9292-5F5274476066} = {6CBBFF08-5822-42A6-9350-1BE608DEB7F5}
		{D5876E95-A9B7-4E5A-8497-BF1418C7DC64} = {1CCE3905-A150-4E9A-B620-D33A72DDA5E6}
		{55B427EC-D408-43B7-9B9F-D8329EFDE378} = {6A78F019-A58E-44C0-B962-0864C62CDF3D}
		{AC9AD6E1-03CC-4F8B-8874-BB2BE03EFAD6} = {50444C25-0E0E-4AE1-98D5-8E45261690BC}
		{6EB87CEA-943B-404C-8029-D7978373F39B} = {A76812C6-86A0-42CE-8D04-E419D5576327}
		{ECB3CC63-C46C-4EC8-9DD7-E40BC5CCF192} = {6D7814B0-2A73-456A-90A5-1EC7A6EACB11}
		{C22385D8-D2D5-420E-9C6A-13FC807EE170} = {1E71FE68-04B6-48E5-BE55-A059B920A965}
		{40FAACBE-39CA-4833-8C9C-9C496176D600} = {A04E4DF7-AB6B-4959-85BD-7EAF5E3ED048}
	EndGlobalSection
	GlobalSection(ExtensibilityGlobals) = postSolution
		SolutionGuid = {A0D05351-9572-4644-96ED-A7A9298DEED7}
	EndGlobalSection
EndGlobal
